
Microsoft Visual Studio Solution File, Format Version 12.00
# Visual Studio Version 17
VisualStudioVersion = 17.1.32414.318
MinimumVisualStudioVersion = 10.0.40219.1
Project("{9A19103F-16F7-4668-BE54-9A1E7A4F7556}") = "Munchkin.API", "Munchkin.API\Munchkin.API.csproj", "{96DF3C63-63FA-4099-A94A-EDEDA92F677F}"
EndProject
Project("{9A19103F-16F7-4668-BE54-9A1E7A4F7556}") = "Munchkin.Application", "Munchkin.Application\Munchkin.Application.csproj", "{05CCD9FB-3E6D-4AD7-BDC5-1042D4A02D80}"
EndProject
Project("{9A19103F-16F7-4668-BE54-9A1E7A4F7556}") = "Munchkin.Domain", "Munchkin.Domain\Munchkin.Domain.csproj", "{B51022E2-6E8B-40A9-93F8-9952825B7AAB}"
EndProject
Project("{9A19103F-16F7-4668-BE54-9A1E7A4F7556}") = "Munchkin.Shared", "Munchkin.Shared\Munchkin.Shared.csproj", "{397B0ABF-8AA8-4D16-A22B-54165D7F48F5}"
EndProject
Global
	GlobalSection(SolutionConfigurationPlatforms) = preSolution
		Debug|Any CPU = Debug|Any CPU
		Release|Any CPU = Release|Any CPU
	EndGlobalSection
	GlobalSection(ProjectConfigurationPlatforms) = postSolution
		{96DF3C63-63FA-4099-A94A-EDEDA92F677F}.Debug|Any CPU.ActiveCfg = Debug|Any CPU
		{96DF3C63-63FA-4099-A94A-EDEDA92F677F}.Debug|Any CPU.Build.0 = Debug|Any CPU
		{96DF3C63-63FA-4099-A94A-EDEDA92F677F}.Release|Any CPU.ActiveCfg = Release|Any CPU
		{96DF3C63-63FA-4099-A94A-EDEDA92F677F}.Release|Any CPU.Build.0 = Release|Any CPU
		{05CCD9FB-3E6D-4AD7-BDC5-1042D4A02D80}.Debug|Any CPU.ActiveCfg = Debug|Any CPU
		{05CCD9FB-3E6D-4AD7-BDC5-1042D4A02D80}.Debug|Any CPU.Build.0 = Debug|Any CPU
		{05CCD9FB-3E6D-4AD7-BDC5-1042D4A02D80}.Release|Any CPU.ActiveCfg = Release|Any CPU
		{05CCD9FB-3E6D-4AD7-BDC5-1042D4A02D80}.Release|Any CPU.Build.0 = Release|Any CPU
		{B51022E2-6E8B-40A9-93F8-9952825B7AAB}.Debug|Any CPU.ActiveCfg = Debug|Any CPU
		{B51022E2-6E8B-40A9-93F8-9952825B7AAB}.Debug|Any CPU.Build.0 = Debug|Any CPU
		{B51022E2-6E8B-40A9-93F8-9952825B7AAB}.Release|Any CPU.ActiveCfg = Release|Any CPU
		{B51022E2-6E8B-40A9-93F8-9952825B7AAB}.Release|Any CPU.Build.0 = Release|Any CPU
		{397B0ABF-8AA8-4D16-A22B-54165D7F48F5}.Debug|Any CPU.ActiveCfg = Debug|Any CPU
		{397B0ABF-8AA8-4D16-A22B-54165D7F48F5}.Debug|Any CPU.Build.0 = Debug|Any CPU
		{397B0ABF-8AA8-4D16-A22B-54165D7F48F5}.Release|Any CPU.ActiveCfg = Release|Any CPU
		{397B0ABF-8AA8-4D16-A22B-54165D7F48F5}.Release|Any CPU.Build.0 = Release|Any CPU
	EndGlobalSection
	GlobalSection(SolutionProperties) = preSolution
		HideSolutionNode = FALSE
	EndGlobalSection
	GlobalSection(ExtensibilityGlobals) = postSolution
		SolutionGuid = {713D199B-EFD1-4E7B-B061-7B398BEE7F41}
	EndGlobalSection
EndGlobal
